PYINSTALLER_VERSION=6.16.0
PYINSTALLER_HOOKS_VERSION=2026.6
ALTGRAPH_VERSION=0.17.5
PACKAGING_VERSION=26.3
SETUPTOOLS_VERSION=84.0.0
PYTHON_VERSION=3.12.12
PYTHON_STANDALONE_RELEASE=20251217
PYTHON_STANDALONE_COMMIT=85fdc74d0153799b6807702865a8a29df3ced47a
PYTHON_STANDALONE_SOURCE_URL=https://codeload.github.com/astral-sh/python-build-standalone/tar.gz/85fdc74d0153799b6807702865a8a29df3ced47a
PYTHON_STANDALONE_SOURCE_SHA256=6f1c7e017161716065c2c30c4dc6ea8564d8aaba9bddb878fd9b1da9697dc212
PYTHON_STANDALONE_AMD64_URL=https://github.com/astral-sh/python-build-standalone/releases/download/20251217/cpython-3.12.12%2B20251217-x86_64-unknown-linux-gnu-install_only_stripped.tar.gz
PYTHON_STANDALONE_AMD64_SHA256=9f5474351378aeca746ee8a2ff3b187edec71d791ef92827eca14ab5b0e15441
PYTHON_STANDALONE_ARM64_URL=https://github.com/astral-sh/python-build-standalone/releases/download/20251217/cpython-3.12.12%2B20251217-aarch64-unknown-linux-gnu-install_only_stripped.tar.gz
PYTHON_STANDALONE_ARM64_SHA256=6b9dfd582900666c42baef1ad495fa68948964a8bff0dc3bccd0393febc2de7b
PYSIDE6_VERSION=6.7.3
SOUNDDEVICE_VERSION=0.5.5
CFFI_VERSION=2.1.1
PYCPARSER_VERSION=3.0
PYSIDE6_ESSENTIALS_AMD64_SHA256=cda6fd26aead48f32e57f044d18aa75dc39265b49d7957f515ce7ac3989e7029
PYSIDE6_ESSENTIALS_ARM64_SHA256=acdde06b74f26e7d26b4ae1461081b32a6cb17fcaa2a580050b5e0f0f12236c9
PYSIDE6_ESSENTIALS_AMD64_URL=https://files.pythonhosted.org/packages/8d/d8/a08ca6eca6839be5d604e4035ce899f9d6df0f612191f4ed4d03e51f1e0e/PySide6_Essentials-6.7.3-cp39-abi3-manylinux_2_28_x86_64.whl
PYSIDE6_ESSENTIALS_ARM64_URL=https://files.pythonhosted.org/packages/5c/4d/00a5716e56c35c5621368c89abb360f6e953e2be639cd5f11e8075894e41/PySide6_Essentials-6.7.3-cp39-abi3-manylinux_2_31_aarch64.whl
SHIBOKEN6_AMD64_SHA256=f0852e5781de78be5b13c140ec4c7fb9734e2aaf2986eb2d6a224363e03efccc
SHIBOKEN6_ARM64_SHA256=f0dd635178e64a45be2f84c9f33dd79ac30328da87f834f21a0baf69ae210e6e
SHIBOKEN6_AMD64_URL=https://files.pythonhosted.org/packages/b2/e9/5c0c67de510da7818703d01123f7998cc495e99c0e6979a6ed6eb2ee09d0/shiboken6-6.7.3-cp39-abi3-manylinux_2_28_x86_64.whl
SHIBOKEN6_ARM64_URL=https://files.pythonhosted.org/packages/ef/3c/bb524437df11ae79845b230d682b162935c7226b1fb7be2544dceca01e0f/shiboken6-6.7.3-cp39-abi3-manylinux_2_31_aarch64.whl
PYNPUT_VERSION=1.8.2
EVDEV_VERSION=1.9.3
PYTHON_XLIB_VERSION=0.33
SIX_VERSION=1.17.0
WEBSOCKETS_VERSION=17.0.1
